// !$*UTF8*$!
{
	archiveVersion = 1;
	classes = {
	};
	objectVersion = 56;
	objects = {

/* Begin PBXBuildFile section */
		9F9716D02BD22C5D005C1572 /* CartViewController.swift in Sources */ = {isa = PBXBuildFile; fileRef = 9F9716CF2BD22C5D005C1572 /* CartViewController.swift */; };
		9F9716D22BD24825005C1572 /* OrderFood.swift in Sources */ = {isa = PBXBuildFile; fileRef = 9F9716D12BD24825005C1572 /* OrderFood.swift */; };
		9FFCD9FD2BD10F350005AE73 /* AppDelegate.swift in Sources */ = {isa = PBXBuildFile; fileRef = 9FFCD9FC2BD10F350005AE73 /* AppDelegate.swift */; };
		9FFCD9FF2BD10F350005AE73 /* SceneDelegate.swift in Sources */ = {isa = PBXBuildFile; fileRef = 9FFCD9FE2BD10F350005AE73 /* SceneDelegate.swift */; };
		9FFCDA012BD10F350005AE73 /* OrderViewController.swift in Sources */ = {isa = PBXBuildFile; fileRef = 9FFCDA002BD10F350005AE73 /* OrderViewController.swift */; };
		9FFCDA042BD10F350005AE73 /* Base in Resources */ = {isa = PBXBuildFile; fileRef = 9FFCDA032BD10F350005AE73 /* Base */; };
		9FFCDA062BD10F370005AE73 /* Assets.xcassets in Resources */ = {isa = PBXBuildFile; fileRef = 9FFCDA052BD10F370005AE73 /* Assets.xcassets */; };
		9FFCDA092BD10F370005AE73 /* Base in Resources */ = {isa = PBXBuildFile; fileRef = 9FFCDA082BD10F370005AE73 /* Base */; };
		9FFCDA142BD10F370005AE73 /* week03_missionTests.swift in Sources */ = {isa = PBXBuildFile; fileRef = 9FFCDA132BD10F370005AE73 /* week03_missionTests.swift */; };
		9FFCDA1E2BD10F370005AE73 /* week03_missionUITests.swift in Sources */ = {isa = PBXBuildFile; fileRef = 9FFCDA1D2BD10F370005AE73 /* week03_missionUITests.swift */; };
		9FFCDA202BD10F370005AE73 /* week03_missionUITestsLaunchTests.swift in Sources */ = {isa = PBXBuildFile; fileRef = 9FFCDA1F2BD10F370005AE73 /* week03_missionUITestsLaunchTests.swift */; };
/* End PBXBuildFile section */

/* Begin PBXContainerItemProxy section */
		9FFCDA102BD10F370005AE73 /* PBXContainerItemProxy */ = {
			isa = PBXContainerItemProxy;
			containerPortal = 9FFCD9F12BD10F350005AE73 /* Project object */;
			proxyType = 1;
			remoteGlobalIDString = 9FFCD9F82BD10F350005AE73;
			remoteInfo = week03_mission;
		};
		9FFCDA1A2BD10F370005AE73 /* PBXContainerItemProxy */ = {
			isa = PBXContainerItemProxy;
			containerPortal = 9FFCD9F12BD10F350005AE73 /* Project object */;
			proxyType = 1;
			remoteGlobalIDString = 9FFCD9F82BD10F350005AE73;
			remoteInfo = week03_mission;
		};
/* End PBXContainerItemProxy section */

/* Begin PBXFileReference section */
		9F9716CF2BD22C5D005C1572 /* CartViewController.swift */ = {isa = PBXFileReference; lastKnownFileType = sourcecode.swift; path = CartViewController.swift; sourceTree = "<group>"; };
		9F9716D12BD24825005C1572 /* OrderFood.swift */ = {isa = PBXFileReference; lastKnownFileType = sourcecode.swift; path = OrderFood.swift; sourceTree = "<group>"; };
		9FFCD9F92BD10F350005AE73 /* week03_mission.app */ = {isa = PBXFileReference; explicitFileType = wrapper.application; includeInIndex = 0; path = week03_mission.app; sourceTree = BUILT_PRODUCTS_DIR; };
		9FFCD9FC2BD10F350005AE73 /* AppDelegate.swift */ = {isa = PBXFileReference; lastKnownFileType = sourcecode.swift; path = AppDelegate.swift; sourceTree = "<group>"; };
		9FFCD9FE2BD10F350005AE73 /* SceneDelegate.swift */ = {isa = PBXFileReference; lastKnownFileType = sourcecode.swift; path = SceneDelegate.swift; sourceTree = "<group>"; };
		9FFCDA002BD10F350005AE73 /* OrderViewController.swift */ = {isa = PBXFileReference; lastKnownFileType = sourcecode.swift; path = OrderViewController.swift; sourceTree = "<group>"; };
		9FFCDA032BD10F350005AE73 /* Base */ = {isa = PBXFileReference; lastKnownFileType = file.storyboard; name = Base; path = Base.lproj/Main.storyboard; sourceTree = "<group>"; };
		9FFCDA052BD10F370005AE73 /* Assets.xcassets */ = {isa = PBXFileReference; lastKnownFileType = folder.assetcatalog; path = Assets.xcassets; sourceTree = "<group>"; };
		9FFCDA082BD10F370005AE73 /* Base */ = {isa = PBXFileReference; lastKnownFileType = file.storyboard; name = Base; path = Base.lproj/LaunchScreen.storyboard; sourceTree = "<group>"; };
		9FFCDA0A2BD10F370005AE73 /* Info.plist */ = {isa = PBXFileReference; lastKnownFileType = text.plist.xml; path = Info.plist; sourceTree = "<group>"; };
		9FFCDA0F2BD10F370005AE73 /* week03_missionTests.xctest */ = {isa = PBXFileReference; explicitFileType = wrapper.cfbundle; includeInIndex = 0; path = week03_missionTests.xctest; sourceTree = BUILT_PRODUCTS_DIR; };
		9FFCDA132BD10F370005AE73 /* week03_missionTests.swift */ = {isa = PBXFileReference; lastKnownFileType = sourcecode.swift; path = week03_missionTests.swift; sourceTree = "<group>"; };
		9FFCDA192BD10F370005AE73 /* week03_missionUITests.xctest */ = {isa = PBXFileReference; explicitFileType = wrapper.cfbundle; includeInIndex = 0; path = week03_missionUITests.xctest; sourceTree = BUILT_PRODUCTS_DIR; };
		9FFCDA1D2BD10F370005AE73 /* week03_missionUITests.swift */ = {isa = PBXFileReference; lastKnownFileType = sourcecode.swift; path = week03_missionUITests.swift; sourceTree = "<group>"; };
		9FFCDA1F2BD10F370005AE73 /* week03_missionUITestsLaunchTests.swift */ = {isa = PBXFileReference; lastKnownFileType = sourcecode.swift; path = week03_missionUITestsLaunchTests.swift; sourceTree = "<group>"; };
/* End PBXFileReference section */

/* Begin PBXFrameworksBuildPhase section */
		9FFCD9F62BD10F350005AE73 /* Frameworks */ = {
			isa = PBXFrameworksBuildPhase;
			buildActionMask = 2147483647;
			files = (
			);
			runOnlyForDeploymentPostprocessing = 0;
		};
		9FFCDA0C2BD10F370005AE73 /* Frameworks */ = {
			isa = PBXFrameworksBuildPhase;
			buildActionMask = 2147483647;
			files = (
			);
			runOnlyForDeploymentPostprocessing = 0;
		};
		9FFCDA162BD10F370005AE73 /* Frameworks */ = {
			isa = PBXFrameworksBuildPhase;
			buildActionMask = 2147483647;
			files = (
			);
			runOnlyForDeploymentPostprocessing = 0;
		};
/* End PBXFrameworksBuildPhase section */

/* Begin PBXGroup section */
		9FFCD9F02BD10F350005AE73 = {
			isa = PBXGroup;
			children = (
				9FFCD9FB2BD10F350005AE73 /* week03_mission */,
				9FFCDA122BD10F370005AE73 /* week03_missionTests */,
				9FFCDA1C2BD10F370005AE73 /* week03_missionUITests */,
				9FFCD9FA2BD10F350005AE73 /* Products */,
			);
			sourceTree = "<group>";
		};
		9FFCD9FA2BD10F350005AE73 /* Products */ = {
			isa = PBXGroup;
			children = (
				9FFCD9F92BD10F350005AE73 /* week03_mission.app */,
				9FFCDA0F2BD10F370005AE73 /* week03_missionTests.xctest */,
				9FFCDA192BD10F370005AE73 /* week03_missionUITests.xctest */,
			);
			name = Products;
			sourceTree = "<group>";
		};
		9FFCD9FB2BD10F350005AE73 /* week03_mission */ = {
			isa = PBXGroup;
			children = (
				9FFCD9FC2BD10F350005AE73 /* AppDelegate.swift */,
				9FFCD9FE2BD10F350005AE73 /* SceneDelegate.swift */,
				9F9716D12BD24825005C1572 /* OrderFood.swift */,
				9FFCDA002BD10F350005AE73 /* OrderViewController.swift */,
				9F9716CF2BD22C5D005C1572 /* CartViewController.swift */,
				9FFCDA022BD10F350005AE73 /* Main.storyboard */,
				9FFCDA052BD10F370005AE73 /* Assets.xcassets */,
				9FFCDA072BD10F370005AE73 /* LaunchScreen.storyboard */,
				9FFCDA0A2BD10F370005AE73 /* Info.plist */,
			);
			path = week03_mission;
			sourceTree = "<group>";
		};
		9FFCDA122BD10F370005AE73 /* week03_missionTests */ = {
			isa = PBXGroup;
			children = (
				9FFCDA132BD10F370005AE73 /* week03_missionTests.swift */,
			);
			path = week03_missionTests;
			sourceTree = "<group>";
		};
		9FFCDA1C2BD10F370005AE73 /* week03_missionUITests */ = {
			isa = PBXGroup;
			children = (
				9FFCDA1D2BD10F370005AE73 /* week03_missionUITests.swift */,
				9FFCDA1F2BD10F370005AE73 /* week03_missionUITestsLaunchTests.swift */,
			);
			path = week03_missionUITests;
			sourceTree = "<group>";
		};
/* End PBXGroup section */

/* Begin PBXNativeTarget section */
		9FFCD9F82BD10F350005AE73 /* week03_mission */ = {
			isa = PBXNativeTarget;
			buildConfigurationList = 9FFCDA232BD10F370005AE73 /* Build configuration list for PBXNativeTarget "week03_mission" */;
			buildPhases = (
				9FFCD9F52BD10F350005AE73 /* Sources */,
				9FFCD9F62BD10F350005AE73 /* Frameworks */,
				9FFCD9F72BD10F350005AE73 /* Resources */,
			);
			buildRules = (
			);
			dependencies = (
			);
			name = week03_mission;
			productName = week03_mission;
			productReference = 9FFCD9F92BD10F350005AE73 /* week03_mission.app */;
			productType = "com.apple.product-type.application";
		};
		9FFCDA0E2BD10F370005AE73 /* week03_missionTests */ = {
			isa = PBXNativeTarget;
			buildConfigurationList = 9FFCDA262BD10F370005AE73 /* Build configuration list for PBXNativeTarget "week03_missionTests" */;
			buildPhases = (
				9FFCDA0B2BD10F370005AE73 /* Sources */,
				9FFCDA0C2BD10F370005AE73 /* Frameworks */,
				9FFCDA0D2BD10F370005AE73 /* Resources */,
			);
			buildRules = (
			);
			dependencies = (
				9FFCDA112BD10F370005AE73 /* PBXTargetDependency */,
			);
			name = week03_missionTests;
			productName = week03_missionTests;
			productReference = 9FFCDA0F2BD10F370005AE73 /* week03_missionTests.xctest */;
			productType = "com.apple.product-type.bundle.unit-test";
		};
		9FFCDA182BD10F370005AE73 /* week03_missionUITests */ = {
			isa = PBXNativeTarget;
			buildConfigurationList = 9FFCDA292BD10F370005AE73 /* Build configuration list for PBXNativeTarget "week03_missionUITests" */;
			buildPhases = (
				9FFCDA152BD10F370005AE73 /* Sources */,
				9FFCDA162BD10F370005AE73 /* Frameworks */,
				9FFCDA172BD10F370005AE73 /* Resources */,
			);
			buildRules = (
			);
			dependencies = (
				9FFCDA1B2BD10F370005AE73 /* PBXTargetDependency */,
			);
			name = week03_missionUITests;
			productName = week03_missionUITests;
			productReference = 9FFCDA192BD10F370005AE73 /* week03_missionUITests.xctest */;
			productType = "com.apple.product-type.bundle.ui-testing";
		};
/* End PBXNativeTarget section */

/* Begin PBXProject section */
		9FFCD9F12BD10F350005AE73 /* Project object */ = {
			isa = PBXProject;
			attributes = {
				BuildIndependentTargetsInParallel = 1;
				LastSwiftUpdateCheck = 1530;
				LastUpgradeCheck = 1530;
				TargetAttributes = {
					9FFCD9F82BD10F350005AE73 = {
						CreatedOnToolsVersion = 15.3;
					};
					9FFCDA0E2BD10F370005AE73 = {
						CreatedOnToolsVersion = 15.3;
						TestTargetID = 9FFCD9F82BD10F350005AE73;
					};
					9FFCDA182BD10F370005AE73 = {
						CreatedOnToolsVersion = 15.3;
						TestTargetID = 9FFCD9F82BD10F350005AE73;
					};
				};
			};
			buildConfigurationList = 9FFCD9F42BD10F350005AE73 /* Build configuration list for PBXProject "week03_mission" */;
			compatibilityVersion = "Xcode 14.0";
			developmentRegion = en;
			hasScannedForEncodings = 0;
			knownRegions = (
				en,
				Base,
			);
			mainGroup = 9FFCD9F02BD10F350005AE73;
			productRefGroup = 9FFCD9FA2BD10F350005AE73 /* Products */;
			projectDirPath = "";
			projectRoot = "";
			targets = (
				9FFCD9F82BD10F350005AE73 /* week03_mission */,
				9FFCDA0E2BD10F370005AE73 /* week03_missionTests */,
				9FFCDA182BD10F370005AE73 /* week03_missionUITests */,
			);
		};
/* End PBXProject section */

/* Begin PBXResourcesBuildPhase section */
		9FFCD9F72BD10F350005AE73 /* Resources */ = {
			isa = PBXResourcesBuildPhase;
			buildActionMask = 2147483647;
			files = (
				9FFCDA062BD10F370005AE73 /* Assets.xcassets in Resources */,
				9FFCDA092BD10F370005AE73 /* Base in Resources */,
				9FFCDA042BD10F350005AE73 /* Base in Resources */,
			);
			runOnlyForDeploymentPostprocessing = 0;
		};
		9FFCDA0D2BD10F370005AE73 /* Resources */ = {
			isa = PBXResourcesBuildPhase;
			buildActionMask = 2147483647;
			files = (
			);
			runOnlyForDeploymentPostprocessing = 0;
		};
		9FFCDA172BD10F370005AE73 /* Resources */ = {
			isa = PBXResourcesBuildPhase;
			buildActionMask = 2147483647;
			files = (
			);
			runOnlyForDeploymentPostprocessing = 0;
		};
/* End PBXResourcesBuildPhase section */

/* Begin PBXSourcesBuildPhase section */
		9FFCD9F52BD10F350005AE73 /* Sources */ = {
			isa = PBXSourcesBuildPhase;
			buildActionMask = 2147483647;
			files = (
				9FFCDA012BD10F350005AE73 /* OrderViewController.swift in Sources */,
				9FFCD9FD2BD10F350005AE73 /* AppDelegate.swift in Sources */,
				9F9716D22BD24825005C1572 /* OrderFood.swift in Sources */,
				9F9716D02BD22C5D005C1572 /* CartViewController.swift in Sources */,
				9FFCD9FF2BD10F350005AE73 /* SceneDelegate.swift in Sources */,
			);
			runOnlyForDeploymentPostprocessing = 0;
		};
		9FFCDA0B2BD10F370005AE73 /* Sources */ = {
			isa = PBXSourcesBuildPhase;
			buildActionMask = 2147483647;
			files = (
				9FFCDA142BD10F370005AE73 /* week03_missionTests.swift in Sources */,
			);
			runOnlyForDeploymentPostprocessing = 0;
		};
		9FFCDA152BD10F370005AE73 /* Sources */ = {
			isa = PBXSourcesBuildPhase;
			buildActionMask = 2147483647;
			files = (
				9FFCDA202BD10F370005AE73 /* week03_missionUITestsLaunchTests.swift in Sources */,
				9FFCDA1E2BD10F370005AE73 /* week03_missionUITests.swift in Sources */,
			);
			runOnlyForDeploymentPostprocessing = 0;
		};
/* End PBXSourcesBuildPhase section */

/* Begin PBXTargetDependency section */
		9FFCDA112BD10F370005AE73 /* PBXTargetDependency */ = {
			isa = PBXTargetDependency;
			target = 9FFCD9F82BD10F350005AE73 /* week03_mission */;
			targetProxy = 9FFCDA102BD10F370005AE73 /* PBXContainerItemProxy */;
		};
		9FFCDA1B2BD10F370005AE73 /* PBXTargetDependency */ = {
			isa = PBXTargetDependency;
			target = 9FFCD9F82BD10F350005AE73 /* week03_mission */;
			targetProxy = 9FFCDA1A2BD10F370005AE73 /* PBXContainerItemProxy */;
		};
/* End PBXTargetDependency section */

/* Begin PBXVariantGroup section */
		9FFCDA022BD10F350005AE73 /* Main.storyboard */ = {
			isa = PBXVariantGroup;
			children = (
				9FFCDA032BD10F350005AE73 /* Base */,
			);
			name = Main.storyboard;
			sourceTree = "<group>";
		};
		9FFCDA072BD10F370005AE73 /* LaunchScreen.storyboard */ = {
			isa = PBXVariantGroup;
			children = (
				9FFCDA082BD10F370005AE73 /* Base */,
			);
			name = LaunchScreen.storyboard;
			sourceTree = "<group>";
		};
/* End PBXVariantGroup section */

/* Begin XCBuildConfiguration section */
		9FFCDA212BD10F370005AE73 /* Debug */ = {
			isa = XCBuildConfiguration;
			buildSettings = {
				ALWAYS_SEARCH_USER_PATHS = NO;
				ASSETCATALOG_COMPILER_GENERATE_SWIFT_ASSET_SYMBOL_EXTENSIONS = YES;
				CLANG_ANALYZER_NONNULL = YES;
				CLANG_ANALYZER_NUMBER_OBJECT_CONVERSION = YES_AGGRESSIVE;
				CLANG_CXX_LANGUAGE_STANDARD = "gnu++20";
				CLANG_ENABLE_MODULES = YES;
				CLANG_ENABLE_OBJC_ARC = YES;
				CLANG_ENABLE_OBJC_WEAK = YES;
				CLANG_WARN_BLOCK_CAPTURE_AUTORELEASING = YES;
				CLANG_WARN_BOOL_CONVERSION = YES;
				CLANG_WARN_COMMA = YES;
				CLANG_WARN_CONSTANT_CONVERSION = YES;
				CLANG_WARN_DEPRECATED_OBJC_IMPLEMENTATIONS = YES;
				CLANG_WARN_DIRECT_OBJC_ISA_USAGE = YES_ERROR;
				CLANG_WARN_DOCUMENTATION_COMMENTS = YES;
				CLANG_WARN_EMPTY_BODY = YES;
				CLANG_WARN_ENUM_CONVERSION = YES;
				CLANG_WARN_INFINITE_RECURSION = YES;
				CLANG_WARN_INT_CONVERSION = YES;
				CLANG_WARN_NON_LITERAL_NULL_CONVERSION = YES;
				CLANG_WARN_OBJC_IMPLICIT_RETAIN_SELF = YES;
				CLANG_WARN_OBJC_LITERAL_CONVERSION = YES;
				CLANG_WARN_OBJC_ROOT_CLASS = YES_ERROR;
				CLANG_WARN_QUOTED_INCLUDE_IN_FRAMEWORK_HEADER = YES;
				CLANG_WARN_RANGE_LOOP_ANALYSIS = YES;
				CLANG_WARN_STRICT_PROTOTYPES = YES;
				CLANG_WARN_SUSPICIOUS_MOVE = YES;
				CLANG_WARN_UNGUARDED_AVAILABILITY = YES_AGGRESSIVE;
				CLANG_WARN_UNREACHABLE_CODE = YES;
				CLANG_WARN__DUPLICATE_METHOD_MATCH = YES;
				COPY_PHASE_STRIP = NO;
				DEBUG_INFORMATION_FORMAT = dwarf;
				ENABLE_STRICT_OBJC_MSGSEND = YES;
				ENABLE_TESTABILITY = YES;
				ENABLE_USER_SCRIPT_SANDBOXING = YES;
				GCC_C_LANGUAGE_STANDARD = gnu17;
				GCC_DYNAMIC_NO_PIC = NO;
				GCC_NO_COMMON_BLOCKS = YES;
				GCC_OPTIMIZATION_LEVEL = 0;
				GCC_PREPROCESSOR_DEFINITIONS = (
					"DEBUG=1",
					"$(inherited)",
				);
				GCC_WARN_64_TO_32_BIT_CONVERSION = YES;
				GCC_WARN_ABOUT_RETURN_TYPE = YES_ERROR;
				GCC_WARN_UNDECLARED_SELECTOR = YES;
				GCC_WARN_UNINITIALIZED_AUTOS = YES_AGGRESSIVE;
				GCC_WARN_UNUSED_FUNCTION = YES;
				GCC_WARN_UNUSED_VARIABLE = YES;
				IPHONEOS_DEPLOYMENT_TARGET = 17.4;
				LOCALIZATION_PREFERS_STRING_CATALOGS = YES;
				MTL_ENABLE_DEBUG_INFO = INCLUDE_SOURCE;
				MTL_FAST_MATH = YES;
				ONLY_ACTIVE_ARCH = YES;
				SDKROOT = iphoneos;
				SWIFT_ACTIVE_COMPILATION_CONDITIONS = "DEBUG $(inherited)";
				SWIFT_OPTIMIZATION_LEVEL = "-Onone";
			};
			name = Debug;
		};
		9FFCDA222BD10F370005AE73 /* Release */ = {
			isa = XCBuildConfiguration;
			buildSettings = {
				ALWAYS_SEARCH_USER_PATHS = NO;
				ASSETCATALOG_COMPILER_GENERATE_SWIFT_ASSET_SYMBOL_EXTENSIONS = YES;
				CLANG_ANALYZER_NONNULL = YES;
				CLANG_ANALYZER_NUMBER_OBJECT_CONVERSION = YES_AGGRESSIVE;
				CLANG_CXX_LANGUAGE_STANDARD = "gnu++20";
				CLANG_ENABLE_MODULES = YES;
				CLANG_ENABLE_OBJC_ARC = YES;
				CLANG_ENABLE_OBJC_WEAK = YES;
				CLANG_WARN_BLOCK_CAPTURE_AUTORELEASING = YES;
				CLANG_WARN_BOOL_CONVERSION = YES;
				CLANG_WARN_COMMA = YES;
				CLANG_WARN_CONSTANT_CONVERSION = YES;
				CLANG_WARN_DEPRECATED_OBJC_IMPLEMENTATIONS = YES;
				CLANG_WARN_DIRECT_OBJC_ISA_USAGE = YES_ERROR;
				CLANG_WARN_DOCUMENTATION_COMMENTS = YES;
				CLANG_WARN_EMPTY_BODY = YES;
				CLANG_WARN_ENUM_CONVERSION = YES;
				CLANG_WARN_INFINITE_RECURSION = YES;
				CLANG_WARN_INT_CONVERSION = YES;
				CLANG_WARN_NON_LITERAL_NULL_CONVERSION = YES;
				CLANG_WARN_OBJC_IMPLICIT_RETAIN_SELF = YES;
				CLANG_WARN_OBJC_LITERAL_CONVERSION = YES;
				CLANG_WARN_OBJC_ROOT_CLASS = YES_ERROR;
				CLANG_WARN_QUOTED_INCLUDE_IN_FRAMEWORK_HEADER = YES;
				CLANG_WARN_RANGE_LOOP_ANALYSIS = YES;
				CLANG_WARN_STRICT_PROTOTYPES = YES;
				CLANG_WARN_SUSPICIOUS_MOVE = YES;
				CLANG_WARN_UNGUARDED_AVAILABILITY = YES_AGGRESSIVE;
				CLANG_WARN_UNREACHABLE_CODE = YES;
				CLANG_WARN__DUPLICATE_METHOD_MATCH = YES;
				COPY_PHASE_STRIP = NO;
				DEBUG_INFORMATION_FORMAT = "dwarf-with-dsym";
				ENABLE_NS_ASSERTIONS = NO;
				ENABLE_STRICT_OBJC_MSGSEND = YES;
				ENABLE_USER_SCRIPT_SANDBOXING = YES;
				GCC_C_LANGUAGE_STANDARD = gnu17;
				GCC_NO_COMMON_BLOCKS = YES;
				GCC_WARN_64_TO_32_BIT_CONVERSION = YES;
				GCC_WARN_ABOUT_RETURN_TYPE = YES_ERROR;
				GCC_WARN_UNDECLARED_SELECTOR = YES;
				GCC_WARN_UNINITIALIZED_AUTOS = YES_AGGRESSIVE;
				GCC_WARN_UNUSED_FUNCTION = YES;
				GCC_WARN_UNUSED_VARIABLE = YES;
				IPHONEOS_DEPLOYMENT_TARGET = 17.4;
				LOCALIZATION_PREFERS_STRING_CATALOGS = YES;
				MTL_ENABLE_DEBUG_INFO = NO;
				MTL_FAST_MATH = YES;
				SDKROOT = iphoneos;
				SWIFT_COMPILATION_MODE = wholemodule;
				VALIDATE_PRODUCT = YES;
			};
			name = Release;
		};
		9FFCDA242BD10F370005AE73 /* Debug */ = {
			isa = XCBuildConfiguration;
			buildSettings = {
				ASSETCATALOG_COMPILER_APPICON_NAME = AppIcon;
				ASSETCATALOG_COMPILER_GLOBAL_ACCENT_COLOR_NAME = AccentColor;
				CODE_SIGN_STYLE = Automatic;
				CURRENT_PROJECT_VERSION = 1;
				GENERATE_INFOPLIST_FILE = YES;
				INFOPLIST_FILE = week03_mission/Info.plist;
				INFOPLIST_KEY_UIApplicationSupportsIndirectInputEvents = YES;
				INFOPLIST_KEY_UILaunchStoryboardName = LaunchScreen;
				INFOPLIST_KEY_UIMainStoryboardFile = Main;
				INFOPLIST_KEY_UISupportedInterfaceOrientations_iPad = "UIInterfaceOrientationPortrait UIInterfaceOrientationPortraitUpsideDown UIInterfaceOrientationLandscapeLeft UIInterfaceOrientationLandscapeRight";
				INFOPLIST_KEY_UISupportedInterfaceOrientations_iPhone = "UIInterfaceOrientationPortrait UIInterfaceOrientationLandscapeLeft UIInterfaceOrientationLandscapeRight";
				LD_RUNPATH_SEARCH_PATHS = (
					"$(inherited)",
					"@executable_path/Frameworks",
				);
				MARKETING_VERSION = 1.0;
				PRODUCT_BUNDLE_IDENTIFIER = "net.cherrypop.week03-mission";
				PRODUCT_NAME = "$(TARGET_NAME)";
				SWIFT_EMIT_LOC_STRINGS = YES;
				SWIFT_VERSION = 5.0;
				TARGETED_DEVICE_FAMILY = "1,2";
			};
			name = Debug;
		};
		9FFCDA252BD10F370005AE73 /* Release */ = {
			isa = XCBuildConfiguration;
			buildSettings = {
				ASSETCATALOG_COMPILER_APPICON_NAME = AppIcon;
				ASSETCATALOG_COMPILER_GLOBAL_ACCENT_COLOR_NAME = AccentColor;
				CODE_SIGN_STYLE = Automatic;
				CURRENT_PROJECT_VERSION = 1;
				GENERATE_INFOPLIST_FILE = YES;
				INFOPLIST_FILE = week03_mission/Info.plist;
				INFOPLIST_KEY_UIApplicationSupportsIndirectInputEvents = YES;
				INFOPLIST_KEY_UILaunchStoryboardName = LaunchScreen;
				INFOPLIST_KEY_UIMainStoryboardFile = Main;
				INFOPLIST_KEY_UISupportedInterfaceOrientations_iPad = "UIInterfaceOrientationPortrait UIInterfaceOrientationPortraitUpsideDown UIInterfaceOrientationLandscapeLeft UIInterfaceOrientationLandscapeRight";
				INFOPLIST_KEY_UISupportedInterfaceOrientations_iPhone = "UIInterfaceOrientationPortrait UIInterfaceOrientationLandscapeLeft UIInterfaceOrientationLandscapeRight";
				LD_RUNPATH_SEARCH_PATHS = (
					"$(inherited)",
					"@executable_path/Frameworks",
				);
				MARKETING_VERSION = 1.0;
				PRODUCT_BUNDLE_IDENTIFIER = "net.cherrypop.week03-mission";
				PRODUCT_NAME = "$(TARGET_NAME)";
				SWIFT_EMIT_LOC_STRINGS = YES;
				SWIFT_VERSION = 5.0;
				TARGETED_DEVICE_FAMILY = "1,2";
			};
			name = Release;
		};
		9FFCDA272BD10F370005AE73 /* Debug */ = {
			isa = XCBuildConfiguration;
			buildSettings = {
				ALWAYS_EMBED_SWIFT_STANDARD_LIBRARIES = YES;
				BUNDLE_LOADER = "$(TEST_HOST)";
				CODE_SIGN_STYLE = Automatic;
				CURRENT_PROJECT_VERSION = 1;
				GENERATE_INFOPLIST_FILE = YES;
				IPHONEOS_DEPLOYMENT_TARGET = 17.4;
				MARKETING_VERSION = 1.0;
				PRODUCT_BUNDLE_IDENTIFIER = "net.cherrypop.week03-missionTests";
				PRODUCT_NAME = "$(TARGET_NAME)";
				SWIFT_EMIT_LOC_STRINGS = NO;
				SWIFT_VERSION = 5.0;
				TARGETED_DEVICE_FAMILY = "1,2";
				TEST_HOST = "$(BUILT_PRODUCTS_DIR)/week03_mission.app/$(BUNDLE_EXECUTABLE_FOLDER_PATH)/week03_mission";
			};
			name = Debug;
		};
		9FFCDA282BD10F370005AE73 /* Release */ = {
			isa = XCBuildConfiguration;
			buildSettings = {
				ALWAYS_EMBED_SWIFT_STANDARD_LIBRARIES = YES;
				BUNDLE_LOADER = "$(TEST_HOST)";
				CODE_SIGN_STYLE = Automatic;
				CURRENT_PROJECT_VERSION = 1;
				GENERATE_INFOPLIST_FILE = YES;
				IPHONEOS_DEPLOYMENT_TARGET = 17.4;
				MARKETING_VERSION = 1.0;
				PRODUCT_BUNDLE_IDENTIFIER = "net.cherrypop.week03-missionTests";
				PRODUCT_NAME = "$(TARGET_NAME)";
				SWIFT_EMIT_LOC_STRINGS = NO;
				SWIFT_VERSION = 5.0;
				TARGETED_DEVICE_FAMILY = "1,2";
				TEST_HOST = "$(BUILT_PRODUCTS_DIR)/week03_mission.app/$(BUNDLE_EXECUTABLE_FOLDER_PATH)/week03_mission";
			};
			name = Release;
		};
		9FFCDA2A2BD10F370005AE73 /* Debug */ = {
			isa = XCBuildConfiguration;
			buildSettings = {
				ALWAYS_EMBED_SWIFT_STANDARD_LIBRARIES = YES;
				CODE_SIGN_STYLE = Automatic;
				CURRENT_PROJECT_VERSION = 1;
				GENERATE_INFOPLIST_FILE = YES;
				MARKETING_VERSION = 1.0;
				PRODUCT_BUNDLE_IDENTIFIER = "net.cherrypop.week03-missionUITests";
				PRODUCT_NAME = "$(TARGET_NAME)";
				SWIFT_EMIT_LOC_STRINGS = NO;
				SWIFT_VERSION = 5.0;
				TARGETED_DEVICE_FAMILY = "1,2";
				TEST_TARGET_NAME = week03_mission;
			};
			name = Debug;
		};
		9FFCDA2B2BD10F370005AE73 /* Release */ = {
			isa = XCBuildConfiguration;
			buildSettings = {
				ALWAYS_EMBED_SWIFT_STANDARD_LIBRARIES = YES;
				CODE_SIGN_STYLE = Automatic;
				CURRENT_PROJECT_VERSION = 1;
				GENERATE_INFOPLIST_FILE = YES;
				MARKETING_VERSION = 1.0;
				PRODUCT_BUNDLE_IDENTIFIER = "net.cherrypop.week03-missionUITests";
				PRODUCT_NAME = "$(TARGET_NAME)";
				SWIFT_EMIT_LOC_STRINGS = NO;
				SWIFT_VERSION = 5.0;
				TARGETED_DEVICE_FAMILY = "1,2";
				TEST_TARGET_NAME = week03_mission;
			};
			name = Release;
		};
/* End XCBuildConfiguration section */

/* Begin XCConfigurationList section */
		9FFCD9F42BD10F350005AE73 /* Build configuration list for PBXProject "week03_mission" */ = {
			isa = XCConfigurationList;
			buildConfigurations = (
				9FFCDA212BD10F370005AE73 /* Debug */,
				9FFCDA222BD10F370005AE73 /* Release */,
			);
			defaultConfigurationIsVisible = 0;
			defaultConfigurationName = Release;
		};
		9FFCDA232BD10F370005AE73 /* Build configuration list for PBXNativeTarget "week03_mission" */ = {
			isa = XCConfigurationList;
			buildConfigurations = (
				9FFCDA242BD10F370005AE73 /* Debug */,
				9FFCDA252BD10F370005AE73 /* Release */,
			);
			defaultConfigurationIsVisible = 0;
			defaultConfigurationName = Release;
		};
		9FFCDA262BD10F370005AE73 /* Build configuration list for PBXNativeTarget "week03_missionTests" */ = {
			isa = XCConfigurationList;
			buildConfigurations = (
				9FFCDA272BD10F370005AE73 /* Debug */,
				9FFCDA282BD10F370005AE73 /* Release */,
			);
			defaultConfigurationIsVisible = 0;
			defaultConfigurationName = Release;
		};
		9FFCDA292BD10F370005AE73 /* Build configuration list for PBXNativeTarget "week03_missionUITests" */ = {
			isa = XCConfigurationList;
			buildConfigurations = (
				9FFCDA2A2BD10F370005AE73 /* Debug */,
				9FFCDA2B2BD10F370005AE73 /* Release */,
			);
			defaultConfigurationIsVisible = 0;
			defaultConfigurationName = Release;
		};
/* End XCConfigurationList section */
	};
	rootObject = 9FFCD9F12BD10F350005AE73 /* Project object */;
}
